
Microsoft Visual Studio Solution File, Format Version 12.00
# Visual Studio Version 17
VisualStudioVersion = 17.4.33027.239
MinimumVisualStudioVersion = 10.0.40219.1
Project("{FAE04EC0-301F-11D3-BF4B-00C04F79EFBC}") = "TR1GlidosDump", "TR1GlidosDump.csproj", "{2EEE18DA-2E52-4A75-8644-363B0BAD0FEF}"
EndProject
Global
	GlobalSection(SolutionConfigurationPlatforms) = preSolution
		Debug|Any CPU = Debug|Any CPU
		Release|Any CPU = Release|Any CPU
	EndGlobalSection
	GlobalSection(ProjectConfigurationPlatforms) = postSolution
		{2EEE18DA-2E52-4A75-8644-363B0BAD0FEF}.Debug|Any CPU.ActiveCfg = Debug|Any CPU
		{2EEE18DA-2E52-4A75-8644-363B0BAD0FEF}.Debug|Any CPU.Build.0 = Debug|Any CPU
		{2EEE18DA-2E52-4A75-8644-363B0BAD0FEF}.Release|Any CPU.ActiveCfg = Release|Any CPU
		{2EEE18DA-2E52-4A75-8644-363B0BAD0FEF}.Release|Any CPU.Build.0 = Release|Any CPU
	EndGlobalSection
	GlobalSection(SolutionProperties) = preSolution
		HideSolutionNode = FALSE
	EndGlobalSection
	GlobalSection(ExtensibilityGlobals) = postSolution
		SolutionGuid = {BCD97642-FE8C-4B18-BC6E-3414E0098DAA}
	EndGlobalSection
EndGlobal
